
Microsoft Visual Studio Solution File, Format Version 12.00
# Visual Studio Version 17
VisualStudioVersion = 17.14.36705.20 d17.14
MinimumVisualStudioVersion = 10.0.40219.1
Project("{FAE04EC0-301F-11D3-BF4B-00C04F79EFBC}") = "TextRedac", "TextRedac\TextRedac.csproj", "{E843FE9B-5D59-4F29-9D03-0567F474A8DA}"
EndProject
Global
	GlobalSection(SolutionConfigurationPlatforms) = preSolution
		Debug|Any CPU = Debug|Any CPU
		Release|Any CPU = Release|Any CPU
	EndGlobalSection
	GlobalSection(ProjectConfigurationPlatforms) = postSolution
		{E843FE9B-5D59-4F29-9D03-0567F474A8DA}.Debug|Any CPU.ActiveCfg = Debug|Any CPU
		{E843FE9B-5D59-4F29-9D03-0567F474A8DA}.Debug|Any CPU.Build.0 = Debug|Any CPU
		{E843FE9B-5D59-4F29-9D03-0567F474A8DA}.Release|Any CPU.ActiveCfg = Release|Any CPU
		{E843FE9B-5D59-4F29-9D03-0567F474A8DA}.Release|Any CPU.Build.0 = Release|Any CPU
	EndGlobalSection
	GlobalSection(SolutionProperties) = preSolution
		HideSolutionNode = FALSE
	EndGlobalSection
	GlobalSection(ExtensibilityGlobals) = postSolution
		SolutionGuid = {A93C53BA-0CD9-4D2A-B2BF-1B1FC58EE77E}
	EndGlobalSection
EndGlobal
